
Microsoft Visual Studio Solution File, Format Version 12.00
# Visual Studio Version 17
VisualStudioVersion = 17.3.32825.248
MinimumVisualStudioVersion = 10.0.40219.1
Project("{FAE04EC0-301F-11D3-BF4B-00C04F79EFBC}") = "API-Angular-CRUD", "API-Angular-CRUD\API-Angular-CRUD.csproj", "{8410B04E-FA92-478E-94B8-375935A9F505}"
EndProject
Global
	GlobalSection(SolutionConfigurationPlatforms) = preSolution
		Debug|Any CPU = Debug|Any CPU
		Release|Any CPU = Release|Any CPU
	EndGlobalSection
	GlobalSection(ProjectConfigurationPlatforms) = postSolution
		{8410B04E-FA92-478E-94B8-375935A9F505}.Debug|Any CPU.ActiveCfg = Debug|Any CPU
		{8410B04E-FA92-478E-94B8-375935A9F505}.Debug|Any CPU.Build.0 = Debug|Any CPU
		{8410B04E-FA92-478E-94B8-375935A9F505}.Release|Any CPU.ActiveCfg = Release|Any CPU
		{8410B04E-FA92-478E-94B8-375935A9F505}.Release|Any CPU.Build.0 = Release|Any CPU
	EndGlobalSection
	GlobalSection(SolutionProperties) = preSolution
		HideSolutionNode = FALSE
	EndGlobalSection
	GlobalSection(ExtensibilityGlobals) = postSolution
		SolutionGuid = {A6E0542E-3110-4A22-BB0E-90A3A6A285F3}
	EndGlobalSection
EndGlobal
